
Microsoft Visual Studio Solution File, Format Version 12.00
# Visual Studio Version 17
VisualStudioVersion = 17.7.34031.279
MinimumVisualStudioVersion = 10.0.40219.1
Project("{FAE04EC0-301F-11D3-BF4B-00C04F79EFBC}") = "Swapping two numbers 2", "Swapping two numbers 2.csproj", "{664F2FDD-A7A1-4C71-A811-6E0885C3F4D5}"
EndProject
Global
	GlobalSection(SolutionConfigurationPlatforms) = preSolution
		Debug|Any CPU = Debug|Any CPU
		Release|Any CPU = Release|Any CPU
	EndGlobalSection
	GlobalSection(ProjectConfigurationPlatforms) = postSolution
		{664F2FDD-A7A1-4C71-A811-6E0885C3F4D5}.Debug|Any CPU.ActiveCfg = Debug|Any CPU
		{664F2FDD-A7A1-4C71-A811-6E0885C3F4D5}.Debug|Any CPU.Build.0 = Debug|Any CPU
		{664F2FDD-A7A1-4C71-A811-6E0885C3F4D5}.Release|Any CPU.ActiveCfg = Release|Any CPU
		{664F2FDD-A7A1-4C71-A811-6E0885C3F4D5}.Release|Any CPU.Build.0 = Release|Any CPU
	EndGlobalSection
	GlobalSection(SolutionProperties) = preSolution
		HideSolutionNode = FALSE
	EndGlobalSection
	GlobalSection(ExtensibilityGlobals) = postSolution
		SolutionGuid = {8859A00C-1055-4440-BCF6-54665CB4AC49}
	EndGlobalSection
EndGlobal
